<?xml version="1.0" encoding="utf-8"?>
<Project ToolsVersion="4.0" xmlns="http://schemas.microsoft.com/developer/msbuild/2003">
  <ItemGroup>
    <Filter Include="Source Files">
      <UniqueIdentifier>{4FC737F1-C7A5-4376-A066-2A32D752A2FF}</UniqueIdentifier>
      <Extensions>cpp;c;cc;cxx;def;odl;idl;hpj;bat;asm;asmx</Extensions>
    </Filter>
    <Filter Include="Header Files">
      <UniqueIdentifier>{93995380-89BD-4b04-88EB-625FBE52EBFB}</UniqueIdentifier>
      <Extensions>h;hh;hpp;hxx;hm;inl;inc;xsd</Extensions>
    </Filter>
    <Filter Include="Resource Files">
      <UniqueIdentifier>{67DA6AB6-F800-4c08-8B7A-83BB121AAD01}</UniqueIdentifier>
      <Extensions>rc;ico;cur;bmp;dlg;rc2;rct;bin;rgs;gif;jpg;jpeg;jpe;resx;tiff;tif;png;wav</Extensions>
    </Filter>
  </ItemGroup>
  <ItemGroup>
    <ClCompile Include="src\bkbookmark.cpp">
      <Filter>Source Files</Filter>
    </ClCompile>
    <ClCompile Include="src\bkdocument.cpp">
      <Filter>Source Files</Filter>
    </ClCompile>
    <ClCompile Include="src\bkfilechooser.cpp">
      <Filter>Source Files</Filter>
    </ClCompile>
    <ClCompile Include="src\bklayer.cpp">
      <Filter>Source Files</Filter>
    </ClCompile>
    <ClCompile Include="src\bklogo.cpp">
      <Filter>Source Files</Filter>
    </ClCompile>
    <ClCompile Include="src\bkmainmenu.cpp">
      <Filter>Source Files</Filter>
    </ClCompile>
    <ClCompile Include="src\bkpopup.cpp">
      <Filter>Source Files</Filter>
    </ClCompile>
    <ClCompile Include="src\bkuser.cpp">
      <Filter>Source Files</Filter>
    </ClCompile>
    <ClCompile Include="src\bookr.cpp">
      <Filter>Source Files</Filter>
    </ClCompile>
    <ClCompile Include="src\filetypes\bkfancytext.cpp">
      <Filter>Source Files</Filter>
    </ClCompile>
    <ClCompile Include="src\filetypes\bkplaintext.cpp">
      <Filter>Source Files</Filter>
    </ClCompile>
    <ClCompile Include="src\graphics\fzimage.cpp">
      <Filter>Source Files</Filter>
    </ClCompile>
    <ClCompile Include="src\graphics\fzinstreammem.cpp">
      <Filter>Source Files</Filter>
    </ClCompile>
    <ClCompile Include="src\graphics\fzrefcount.cpp">
      <Filter>Source Files</Filter>
    </ClCompile>
    <ClCompile Include="src\graphics\fzscreencommon.cpp">
      <Filter>Source Files</Filter>
    </ClCompile>
    <ClCompile Include="src\graphics\fzscreenglfw.cpp">
      <Filter>Source Files</Filter>
    </ClCompile>
    <ClCompile Include="src\graphics\fztexture.cpp">
      <Filter>Source Files</Filter>
    </ClCompile>
    <ClCompile Include="src\graphics\shaders\shader.cpp">
      <Filter>Source Files</Filter>
    </ClCompile>
  </ItemGroup>
  <ItemGroup>
    <ClInclude Include="src\bkbookmark.h">
      <Filter>Header Files</Filter>
    </ClInclude>
    <ClInclude Include="src\bkdocument.h">
      <Filter>Header Files</Filter>
    </ClInclude>
    <ClInclude Include="src\bkfilechooser.h">
      <Filter>Header Files</Filter>
    </ClInclude>
    <ClInclude Include="src\bklayer.h">
      <Filter>Header Files</Filter>
    </ClInclude>
    <ClInclude Include="src\bklogo.h">
      <Filter>Header Files</Filter>
    </ClInclude>
    <ClInclude Include="src\bkmainmenu.h">
      <Filter>Header Files</Filter>
    </ClInclude>
    <ClInclude Include="src\bkpopup.h">
      <Filter>Header Files</Filter>
    </ClInclude>
    <ClInclude Include="src\bkuser.h">
      <Filter>Header Files</Filter>
    </ClInclude>
    <ClInclude Include="src\filetypes\bkdjvu.h">
      <Filter>Header Files</Filter>
    </ClInclude>
    <ClInclude Include="src\filetypes\bkfancytext.h">
      <Filter>Header Files</Filter>
    </ClInclude>
    <ClInclude Include="src\filetypes\bkpalmdoc.h">
      <Filter>Header Files</Filter>
    </ClInclude>
    <ClInclude Include="src\filetypes\bkplaintext.h">
      <Filter>Header Files</Filter>
    </ClInclude>
    <ClInclude Include="src\graphics\fzfont.h">
      <Filter>Header Files</Filter>
    </ClInclude>
    <ClInclude Include="src\graphics\fzimage.h">
      <Filter>Header Files</Filter>
    </ClInclude>
    <ClInclude Include="src\graphics\fzinputstream.h">
      <Filter>Header Files</Filter>
    </ClInclude>
    <ClInclude Include="src\graphics\fzinstreammem.h">
      <Filter>Header Files</Filter>
    </ClInclude>
    <ClInclude Include="src\graphics\fzrefcount.h">
      <Filter>Header Files</Filter>
    </ClInclude>
    <ClInclude Include="src\graphics\fzscreen.h">
      <Filter>Header Files</Filter>
    </ClInclude>
    <ClInclude Include="src\graphics\fztexture.h">
      <Filter>Header Files</Filter>
    </ClInclude>
    <ClInclude Include="src\graphics\shaders\shader.h">
      <Filter>Header Files</Filter>
    </ClInclude>
  </ItemGroup>
</Project>